
Microsoft Visual Studio Solution File, Format Version 12.00
# Visual Studio Version 16
VisualStudioVersion = 16.0.29920.165
MinimumVisualStudioVersion = 15.0.26124.0
Project("{9A19103F-16F7-4668-BE54-9A1E7A4F7556}") = "Kata.Console", "Kata.Console\Kata.Console.csproj", "{3950E9CF-4E48-4B90-AA5D-C2D981A7B8CB}"
EndProject
Project("{9A19103F-16F7-4668-BE54-9A1E7A4F7556}") = "Kata.Test", "Kata.Test\Kata.Test.csproj", "{38EF772D-8F3F-4DEC-A75F-E34DA80FDCB5}"
EndProject
Project("{9A19103F-16F7-4668-BE54-9A1E7A4F7556}") = "Kata.Tasks", "Kata.Tasks\Kata.Tasks.csproj", "{4336318F-F98D-4E2C-98FF-529319425B15}"
EndProject
Global
	GlobalSection(SolutionConfigurationPlatforms) = preSolution
		Debug|Any CPU = Debug|Any CPU
		Debug|x64 = Debug|x64
		Debug|x86 = Debug|x86
		Release|Any CPU = Release|Any CPU
		Release|x64 = Release|x64
		Release|x86 = Release|x86
	EndGlobalSection
	GlobalSection(ProjectConfigurationPlatforms) = postSolution
		{3950E9CF-4E48-4B90-AA5D-C2D981A7B8CB}.Debug|Any CPU.ActiveCfg = Debug|Any CPU
		{3950E9CF-4E48-4B90-AA5D-C2D981A7B8CB}.Debug|Any CPU.Build.0 = Debug|Any CPU
		{3950E9CF-4E48-4B90-AA5D-C2D981A7B8CB}.Debug|x64.ActiveCfg = Debug|Any CPU
		{3950E9CF-4E48-4B90-AA5D-C2D981A7B8CB}.Debug|x64.Build.0 = Debug|Any CPU
		{3950E9CF-4E48-4B90-AA5D-C2D981A7B8CB}.Debug|x86.ActiveCfg = Debug|Any CPU
		{3950E9CF-4E48-4B90-AA5D-C2D981A7B8CB}.Debug|x86.Build.0 = Debug|Any CPU
		{3950E9CF-4E48-4B90-AA5D-C2D981A7B8CB}.Release|Any CPU.ActiveCfg = Release|Any CPU
		{3950E9CF-4E48-4B90-AA5D-C2D981A7B8CB}.Release|Any CPU.Build.0 = Release|Any CPU
		{3950E9CF-4E48-4B90-AA5D-C2D981A7B8CB}.Release|x64.ActiveCfg = Release|Any CPU
		{3950E9CF-4E48-4B90-AA5D-C2D981A7B8CB}.Release|x64.Build.0 = Release|Any CPU
		{3950E9CF-4E48-4B90-AA5D-C2D981A7B8CB}.Release|x86.ActiveCfg = Release|Any CPU
		{3950E9CF-4E48-4B90-AA5D-C2D981A7B8CB}.Release|x86.Build.0 = Release|Any CPU
		{38EF772D-8F3F-4DEC-A75F-E34DA80FDCB5}.Debug|Any CPU.ActiveCfg = Debug|Any CPU
		{38EF772D-8F3F-4DEC-A75F-E34DA80FDCB5}.Debug|Any CPU.Build.0 = Debug|Any CPU
		{38EF772D-8F3F-4DEC-A75F-E34DA80FDCB5}.Debug|x64.ActiveCfg = Debug|Any CPU
		{38EF772D-8F3F-4DEC-A75F-E34DA80FDCB5}.Debug|x64.Build.0 = Debug|Any CPU
		{38EF772D-8F3F-4DEC-A75F-E34DA80FDCB5}.Debug|x86.ActiveCfg = Debug|Any CPU
		{38EF772D-8F3F-4DEC-A75F-E34DA80FDCB5}.Debug|x86.Build.0 = Debug|Any CPU
		{38EF772D-8F3F-4DEC-A75F-E34DA80FDCB5}.Release|Any CPU.ActiveCfg = Release|Any CPU
		{38EF772D-8F3F-4DEC-A75F-E34DA80FDCB5}.Release|Any CPU.Build.0 = Release|Any CPU
		{38EF772D-8F3F-4DEC-A75F-E34DA80FDCB5}.Release|x64.ActiveCfg = Release|Any CPU
		{38EF772D-8F3F-4DEC-A75F-E34DA80FDCB5}.Release|x64.Build.0 = Release|Any CPU
		{38EF772D-8F3F-4DEC-A75F-E34DA80FDCB5}.Release|x86.ActiveCfg = Release|Any CPU
		{38EF772D-8F3F-4DEC-A75F-E34DA80FDCB5}.Release|x86.Build.0 = Release|Any CPU
		{4336318F-F98D-4E2C-98FF-529319425B15}.Debug|Any CPU.ActiveCfg = Debug|Any CPU
		{4336318F-F98D-4E2C-98FF-529319425B15}.Debug|Any CPU.Build.0 = Debug|Any CPU
		{4336318F-F98D-4E2C-98FF-529319425B15}.Debug|x64.ActiveCfg = Debug|Any CPU
		{4336318F-F98D-4E2C-98FF-529319425B15}.Debug|x64.Build.0 = Debug|Any CPU
		{4336318F-F98D-4E2C-98FF-529319425B15}.Debug|x86.ActiveCfg = Debug|Any CPU
		{4336318F-F98D-4E2C-98FF-529319425B15}.Debug|x86.Build.0 = Debug|Any CPU
		{4336318F-F98D-4E2C-98FF-529319425B15}.Release|Any CPU.ActiveCfg = Release|Any CPU
		{4336318F-F98D-4E2C-98FF-529319425B15}.Release|Any CPU.Build.0 = Release|Any CPU
		{4336318F-F98D-4E2C-98FF-529319425B15}.Release|x64.ActiveCfg = Release|Any CPU
		{4336318F-F98D-4E2C-98FF-529319425B15}.Release|x64.Build.0 = Release|Any CPU
		{4336318F-F98D-4E2C-98FF-529319425B15}.Release|x86.ActiveCfg = Release|Any CPU
		{4336318F-F98D-4E2C-98FF-529319425B15}.Release|x86.Build.0 = Release|Any CPU
	EndGlobalSection
	GlobalSection(SolutionProperties) = preSolution
		HideSolutionNode = FALSE
	EndGlobalSection
	GlobalSection(ExtensibilityGlobals) = postSolution
		SolutionGuid = {61112BC0-354C-4156-B113-D0C7538553D3}
	EndGlobalSection
EndGlobal
